<?xml version="1.0" encoding="utf-8"?>
<Project ToolsVersion="4.0" xmlns="http://schemas.microsoft.com/developer/msbuild/2003">
  <ItemGroup>
    <Filter Include="Source Files">
      <UniqueIdentifier>{4FC737F1-C7A5-4376-A066-2A32D752A2FF}</UniqueIdentifier>
      <Extensions>cpp;c;cc;cxx;def;odl;idl;hpj;bat;asm;asmx</Extensions>
    </Filter>
    <Filter Include="Header Files">
      <UniqueIdentifier>{93995380-89BD-4b04-88EB-625FBE52EBFB}</UniqueIdentifier>
      <Extensions>h;hh;hpp;hxx;hm;inl;inc;ipp;xsd</Extensions>
    </Filter>
    <Filter Include="Resource Files">
      <UniqueIdentifier>{67DA6AB6-F800-4c08-8B7A-83BB121AAD01}</UniqueIdentifier>
      <Extensions>rc;ico;cur;bmp;dlg;rc2;rct;bin;rgs;gif;jpg;jpeg;jpe;resx;tiff;tif;png;wav;mfcribbon-ms</Extensions>
    </Filter>
    <Filter Include="Header Files\LibCustom">
      <UniqueIdentifier>{1404e03e-1714-49a1-8adf-5bc7d23887f7}</UniqueIdentifier>
    </Filter>
  </ItemGroup>
  <ItemGroup>
    <ClCompile Include="SharedMemory.cpp">
      <Filter>Source Files</Filter>
    </ClCompile>
    <ClCompile Include="Source.cpp">
      <Filter>Source Files</Filter>
    </ClCompile>
    <ClCompile Include="Evaluate.cpp">
      <Filter>Source Files</Filter>
    </ClCompile>
    <ClCompile Include="MyStack.cpp">
      <Filter>Source Files</Filter>
    </ClCompile>
    <ClCompile Include="_Windows.cpp">
      <Filter>Source Files</Filter>
    </ClCompile>
    <ClCompile Include="shm_write.cpp">
      <Filter>Source Files</Filter>
    </ClCompile>
    <ClCompile Include="_Pipe.cpp">
      <Filter>Source Files</Filter>
    </ClCompile>
    <ClCompile Include="Process.cpp">
      <Filter>Source Files</Filter>
    </ClCompile>
    <ClCompile Include="ProcessA.cpp">
      <Filter>Source Files</Filter>
    </ClCompile>
    <ClCompile Include="ProcessB.cpp">
      <Filter>Source Files</Filter>
    </ClCompile>
    <ClCompile Include="_Memory.cpp">
      <Filter>Source Files</Filter>
    </ClCompile>
  </ItemGroup>
  <ItemGroup>
    <ClInclude Include="SharedMemory.h">
      <Filter>Header Files</Filter>
    </ClInclude>
    <ClInclude Include="Evaluate.h">
      <Filter>Header Files</Filter>
    </ClInclude>
    <ClInclude Include="MyStack.h">
      <Filter>Header Files</Filter>
    </ClInclude>
    <ClInclude Include="_Windows.h">
      <Filter>Header Files</Filter>
    </ClInclude>
    <ClInclude Include="_Pipe.h">
      <Filter>Header Files</Filter>
    </ClInclude>
    <ClInclude Include="Process.h">
      <Filter>Header Files</Filter>
    </ClInclude>
    <ClInclude Include="ProcessA.h">
      <Filter>Header Files</Filter>
    </ClInclude>
    <ClInclude Include="ProcessB.h">
      <Filter>Header Files</Filter>
    </ClInclude>
    <ClInclude Include="_Memory.h">
      <Filter>Header Files</Filter>
    </ClInclude>
  </ItemGroup>
</Project>